
Microsoft Visual Studio Solution File, Format Version 12.00
# Visual Studio 2012
Project("{FAE04EC0-301F-11D3-BF4B-00C04F79EFBC}") = "Tlw.ZPG.Domain", "Tlw.ZPG.Domain\Tlw.ZPG.Domain.csproj", "{54F3A622-C20C-421C-9794-CE661C369C4F}"
EndProject
Project("{FAE04EC0-301F-11D3-BF4B-00C04F79EFBC}") = "Tlw.ZPG.Infrastructure", "Tlw.ZPG.Infrastructure\Tlw.ZPG.Infrastructure.csproj", "{D20803BC-8CEC-44F9-8B70-50834C27B6AE}"
EndProject
Project("{FAE04EC0-301F-11D3-BF4B-00C04F79EFBC}") = "Tlw.ZPG.Services", "Tlw.ZPG.Services\Tlw.ZPG.Services.csproj", "{AAEB7E1E-1825-4C76-A466-5110AC209FB9}"
EndProject
Project("{FAE04EC0-301F-11D3-BF4B-00C04F79EFBC}") = "Tlw.ZPG.Services.Wcf", "Tlw.ZPG.Services.Wcf\Tlw.ZPG.Services.Wcf.csproj", "{DA30244F-3E78-4751-A61F-C497E6F6D8DA}"
EndProject
Project("{2150E333-8FDC-42A3-9474-1A3956D46DE8}") = "前后端网站", "前后端网站", "{1CE73D58-1B33-443F-837C-A03EC85A0456}"
EndProject
Global
	GlobalSection(SolutionConfigurationPlatforms) = preSolution
		Debug|Any CPU = Debug|Any CPU
		Release|Any CPU = Release|Any CPU
	EndGlobalSection
	GlobalSection(ProjectConfigurationPlatforms) = postSolution
		{54F3A622-C20C-421C-9794-CE661C369C4F}.Debug|Any CPU.ActiveCfg = Debug|Any CPU
		{54F3A622-C20C-421C-9794-CE661C369C4F}.Debug|Any CPU.Build.0 = Debug|Any CPU
		{54F3A622-C20C-421C-9794-CE661C369C4F}.Release|Any CPU.ActiveCfg = Release|Any CPU
		{54F3A622-C20C-421C-9794-CE661C369C4F}.Release|Any CPU.Build.0 = Release|Any CPU
		{D20803BC-8CEC-44F9-8B70-50834C27B6AE}.Debug|Any CPU.ActiveCfg = Debug|Any CPU
		{D20803BC-8CEC-44F9-8B70-50834C27B6AE}.Debug|Any CPU.Build.0 = Debug|Any CPU
		{D20803BC-8CEC-44F9-8B70-50834C27B6AE}.Release|Any CPU.ActiveCfg = Release|Any CPU
		{D20803BC-8CEC-44F9-8B70-50834C27B6AE}.Release|Any CPU.Build.0 = Release|Any CPU
		{AAEB7E1E-1825-4C76-A466-5110AC209FB9}.Debug|Any CPU.ActiveCfg = Debug|Any CPU
		{AAEB7E1E-1825-4C76-A466-5110AC209FB9}.Debug|Any CPU.Build.0 = Debug|Any CPU
		{AAEB7E1E-1825-4C76-A466-5110AC209FB9}.Release|Any CPU.ActiveCfg = Release|Any CPU
		{AAEB7E1E-1825-4C76-A466-5110AC209FB9}.Release|Any CPU.Build.0 = Release|Any CPU
		{DA30244F-3E78-4751-A61F-C497E6F6D8DA}.Debug|Any CPU.ActiveCfg = Debug|Any CPU
		{DA30244F-3E78-4751-A61F-C497E6F6D8DA}.Debug|Any CPU.Build.0 = Debug|Any CPU
		{DA30244F-3E78-4751-A61F-C497E6F6D8DA}.Release|Any CPU.ActiveCfg = Release|Any CPU
		{DA30244F-3E78-4751-A61F-C497E6F6D8DA}.Release|Any CPU.Build.0 = Release|Any CPU
	EndGlobalSection
	GlobalSection(SolutionProperties) = preSolution
		HideSolutionNode = FALSE
	EndGlobalSection
EndGlobal
